
Microsoft Visual Studio Solution File, Format Version 12.00
Project("{FAE04EC0-301F-11D3-BF4B-00C04F79EFBC}") = "BlogApi", "BlogApi.csproj", "{652C3D5D-A6F5-4957-8849-797D6D7253FF}"
EndProject
Global
	GlobalSection(SolutionConfigurationPlatforms) = preSolution
		Debug|Any CPU = Debug|Any CPU
		Release|Any CPU = Release|Any CPU
	EndGlobalSection
	GlobalSection(ProjectConfigurationPlatforms) = postSolution
		{652C3D5D-A6F5-4957-8849-797D6D7253FF}.Debug|Any CPU.ActiveCfg = Debug|Any CPU
		{652C3D5D-A6F5-4957-8849-797D6D7253FF}.Debug|Any CPU.Build.0 = Debug|Any CPU
		{652C3D5D-A6F5-4957-8849-797D6D7253FF}.Release|Any CPU.ActiveCfg = Release|Any CPU
		{652C3D5D-A6F5-4957-8849-797D6D7253FF}.Release|Any CPU.Build.0 = Release|Any CPU
	EndGlobalSection
EndGlobal
